
Microsoft Visual Studio Solution File, Format Version 12.00
# Visual Studio Version 16
VisualStudioVersion = 16.0.31410.357
MinimumVisualStudioVersion = 10.0.40219.1
Project("{9A19103F-16F7-4668-BE54-9A1E7A4F7556}") = "BlazingShop.Server", "Server\BlazingShop.Server.csproj", "{0B746C78-454E-44E1-B6EA-A05F00970BE6}"
EndProject
Project("{9A19103F-16F7-4668-BE54-9A1E7A4F7556}") = "BlazingShop.Client", "Client\BlazingShop.Client.csproj", "{66B91F50-D606-441F-88FC-18D7149E8A62}"
EndProject
Project("{9A19103F-16F7-4668-BE54-9A1E7A4F7556}") = "BlazingShop.Shared", "Shared\BlazingShop.Shared.csproj", "{06387547-8F6D-4387-AA27-CCD8AEC6B141}"
EndProject
Global
	GlobalSection(SolutionConfigurationPlatforms) = preSolution
		Debug|Any CPU = Debug|Any CPU
		Release|Any CPU = Release|Any CPU
	EndGlobalSection
	GlobalSection(ProjectConfigurationPlatforms) = postSolution
		{0B746C78-454E-44E1-B6EA-A05F00970BE6}.Debug|Any CPU.ActiveCfg = Debug|Any CPU
		{0B746C78-454E-44E1-B6EA-A05F00970BE6}.Debug|Any CPU.Build.0 = Debug|Any CPU
		{0B746C78-454E-44E1-B6EA-A05F00970BE6}.Release|Any CPU.ActiveCfg = Release|Any CPU
		{0B746C78-454E-44E1-B6EA-A05F00970BE6}.Release|Any CPU.Build.0 = Release|Any CPU
		{66B91F50-D606-441F-88FC-18D7149E8A62}.Debug|Any CPU.ActiveCfg = Debug|Any CPU
		{66B91F50-D606-441F-88FC-18D7149E8A62}.Debug|Any CPU.Build.0 = Debug|Any CPU
		{66B91F50-D606-441F-88FC-18D7149E8A62}.Release|Any CPU.ActiveCfg = Release|Any CPU
		{66B91F50-D606-441F-88FC-18D7149E8A62}.Release|Any CPU.Build.0 = Release|Any CPU
		{06387547-8F6D-4387-AA27-CCD8AEC6B141}.Debug|Any CPU.ActiveCfg = Debug|Any CPU
		{06387547-8F6D-4387-AA27-CCD8AEC6B141}.Debug|Any CPU.Build.0 = Debug|Any CPU
		{06387547-8F6D-4387-AA27-CCD8AEC6B141}.Release|Any CPU.ActiveCfg = Release|Any CPU
		{06387547-8F6D-4387-AA27-CCD8AEC6B141}.Release|Any CPU.Build.0 = Release|Any CPU
	EndGlobalSection
	GlobalSection(SolutionProperties) = preSolution
		HideSolutionNode = FALSE
	EndGlobalSection
	GlobalSection(ExtensibilityGlobals) = postSolution
		SolutionGuid = {256EB9CC-DFA0-4BE7-B414-69189FE3ED96}
	EndGlobalSection
EndGlobal
